
Microsoft Visual Studio Solution File, Format Version 12.00
# Visual Studio Version 17
VisualStudioVersion = 17.2.32526.322
MinimumVisualStudioVersion = 10.0.40219.1
Project("{FAE04EC0-301F-11D3-BF4B-00C04F79EFBC}") = "TaskManager", "TaskManager\TaskManager.csproj", "{EDB38886-9F7C-493A-89E8-3F78EFB633EC}"
EndProject
Global
	GlobalSection(SolutionConfigurationPlatforms) = preSolution
		Debug|Any CPU = Debug|Any CPU
		Release|Any CPU = Release|Any CPU
	EndGlobalSection
	GlobalSection(ProjectConfigurationPlatforms) = postSolution
		{EDB38886-9F7C-493A-89E8-3F78EFB633EC}.Debug|Any CPU.ActiveCfg = Debug|Any CPU
		{EDB38886-9F7C-493A-89E8-3F78EFB633EC}.Debug|Any CPU.Build.0 = Debug|Any CPU
		{EDB38886-9F7C-493A-89E8-3F78EFB633EC}.Release|Any CPU.ActiveCfg = Release|Any CPU
		{EDB38886-9F7C-493A-89E8-3F78EFB633EC}.Release|Any CPU.Build.0 = Release|Any CPU
	EndGlobalSection
	GlobalSection(SolutionProperties) = preSolution
		HideSolutionNode = FALSE
	EndGlobalSection
	GlobalSection(ExtensibilityGlobals) = postSolution
		SolutionGuid = {C0562559-4F28-42C5-803B-832E0C2CE7B9}
	EndGlobalSection
EndGlobal
